<Solution><Folder Name="/src/"><Project Path="src/TeamBoard.Application/TeamBoard.Application.csproj"/><Project Path="src/TeamBoard.Api/TeamBoard.Api.csproj"/><Project Path="src/TeamBoard.Domain/TeamBoard.Domain.csproj"/><Project Path="src/TeamBoard.Infrastructure/TeamBoard.Infrastructure.csproj"/></Folder><Folder Name="/tests/"><Project Path="tests/TeamBoard.Tests/TeamBoard.Tests.csproj"/></Folder></Solution>
